
Microsoft Visual Studio Solution File, Format Version 12.00
# Visual Studio Version 17
VisualStudioVersion = 17.4.33205.214
MinimumVisualStudioVersion = 10.0.40219.1
Project("{888888A0-9F3D-457C-B088-3A5042F75D52}") = "Menu_Tabel", "Menu_Tabel\Menu_Tabel.pyproj", "{76B5BAA9-289A-4FC4-9706-B4CBEB72B29D}"
EndProject
Global
	GlobalSection(SolutionConfigurationPlatforms) = preSolution
		Debug|Any CPU = Debug|Any CPU
		Release|Any CPU = Release|Any CPU
	EndGlobalSection
	GlobalSection(ProjectConfigurationPlatforms) = postSolution
		{76B5BAA9-289A-4FC4-9706-B4CBEB72B29D}.Debug|Any CPU.ActiveCfg = Debug|Any CPU
		{76B5BAA9-289A-4FC4-9706-B4CBEB72B29D}.Release|Any CPU.ActiveCfg = Release|Any CPU
	EndGlobalSection
	GlobalSection(SolutionProperties) = preSolution
		HideSolutionNode = FALSE
	EndGlobalSection
	GlobalSection(ExtensibilityGlobals) = postSolution
		SolutionGuid = {015FD9CA-7BD7-4D48-B206-23AEC37FD1F8}
	EndGlobalSection
EndGlobal
